
Microsoft Visual Studio Solution File, Format Version 12.00
# Visual Studio 14
VisualStudioVersion = 14.0.25420.1
MinimumVisualStudioVersion = 10.0.40219.1
Project("{FAE04EC0-301F-11D3-BF4B-00C04F79EFBC}") = "WinkasRestClient", "winkas-csharp-client\WinkasRestClient.csproj", "{06D6FC61-576C-433E-9121-C5909B38C6F4}"
EndProject
Project("{FAE04EC0-301F-11D3-BF4B-00C04F79EFBC}") = "Console", "Console\Console.csproj", "{3BB7F379-D2B1-4235-B34D-505B291EEADB}"
EndProject
Project("{2150E333-8FDC-42A3-9474-1A3956D46DE8}") = "Solution Items", "Solution Items", "{F1B8663A-D4B1-4763-8396-AD0C61E66489}"
	ProjectSection(SolutionItems) = preProject
		README.md = README.md
	EndProjectSection
EndProject
Global
	GlobalSection(SolutionConfigurationPlatforms) = preSolution
		Debug|Any CPU = Debug|Any CPU
		Release|Any CPU = Release|Any CPU
	EndGlobalSection
	GlobalSection(ProjectConfigurationPlatforms) = postSolution
		{06D6FC61-576C-433E-9121-C5909B38C6F4}.Debug|Any CPU.ActiveCfg = Debug|Any CPU
		{06D6FC61-576C-433E-9121-C5909B38C6F4}.Debug|Any CPU.Build.0 = Debug|Any CPU
		{06D6FC61-576C-433E-9121-C5909B38C6F4}.Release|Any CPU.ActiveCfg = Release|Any CPU
		{06D6FC61-576C-433E-9121-C5909B38C6F4}.Release|Any CPU.Build.0 = Release|Any CPU
		{3BB7F379-D2B1-4235-B34D-505B291EEADB}.Debug|Any CPU.ActiveCfg = Debug|Any CPU
		{3BB7F379-D2B1-4235-B34D-505B291EEADB}.Debug|Any CPU.Build.0 = Debug|Any CPU
		{3BB7F379-D2B1-4235-B34D-505B291EEADB}.Release|Any CPU.ActiveCfg = Release|Any CPU
		{3BB7F379-D2B1-4235-B34D-505B291EEADB}.Release|Any CPU.Build.0 = Release|Any CPU
	EndGlobalSection
	GlobalSection(SolutionProperties) = preSolution
		HideSolutionNode = FALSE
	EndGlobalSection
EndGlobal
